
Microsoft Visual Studio Solution File, Format Version 12.00
# Visual Studio Version 17
VisualStudioVersion = 17.9.34723.18
MinimumVisualStudioVersion = 10.0.40219.1
Project("{FAE04EC0-301F-11D3-BF4B-00C04F79EFBC}") = "hw03_top-10-movies", "hw03_top-10-movies\hw03_top-10-movies.csproj", "{4F39F76B-A818-411F-B82A-FC5AAE18A3DB}"
EndProject
Global
	GlobalSection(SolutionConfigurationPlatforms) = preSolution
		Debug|Any CPU = Debug|Any CPU
		Release|Any CPU = Release|Any CPU
	EndGlobalSection
	GlobalSection(ProjectConfigurationPlatforms) = postSolution
		{4F39F76B-A818-411F-B82A-FC5AAE18A3DB}.Debug|Any CPU.ActiveCfg = Debug|Any CPU
		{4F39F76B-A818-411F-B82A-FC5AAE18A3DB}.Debug|Any CPU.Build.0 = Debug|Any CPU
		{4F39F76B-A818-411F-B82A-FC5AAE18A3DB}.Release|Any CPU.ActiveCfg = Release|Any CPU
		{4F39F76B-A818-411F-B82A-FC5AAE18A3DB}.Release|Any CPU.Build.0 = Release|Any CPU
	EndGlobalSection
	GlobalSection(SolutionProperties) = preSolution
		HideSolutionNode = FALSE
	EndGlobalSection
	GlobalSection(ExtensibilityGlobals) = postSolution
		SolutionGuid = {7A941187-5AB6-4A42-927D-F9C0D333C966}
	EndGlobalSection
EndGlobal
